PODS:
  - Alamofire (4.5.0)
  - Kingfisher (3.10.2)
  - Moya/Core (8.0.5):
    - Alamofire (~> 4.1)
    - Result (~> 3.0)
  - Moya/RxSwift (8.0.5):
    - Moya/Core
    - RxSwift (~> 3.0)
  - Result (3.2.3)
  - RxCocoa (3.0.1):
    - RxSwift (~> 3.0)
  - RxSwift (3.0.1)
  - SnapKit (3.0.2)
  - SwiftyJSON (3.1.4)
  - Timepiece (1.2.0)

DEPENDENCIES:
  - Kingfisher (~> 3.10.0)
  - Moya/RxSwift (~> 8.0.0)
  - RxCocoa (~> 3.0.0)
  - RxSwift (~> 3.0.0)
  - SnapKit (~> 3.0.0)
  - SwiftyJSON (~> 3.1.4)
  - Timepiece (~> 1.2.0)

SPEC CHECKSUMS:
  Alamofire: f28cdffd29de33a7bfa022cbd63ae95a27fae140
  Kingfisher: 7297492bf8cec9b2e2dee3519f2219948580d98e
  Moya: c37eec09a098ba9991b5a963b291fc5704bdb9ef
  Result: 128640a6347e8d2ae48b142556739a2d13f90ce6
  RxCocoa: 15a52fc590dcc700cb4a690a633b5c5184ce3a78
  RxSwift: af5680055c4ad04480189c52d28385b1029493a6
  SnapKit: 2e456761aa92d4d4067a7a5594c18769d451a8ad
  SwiftyJSON: c2842d878f95482ffceec5709abc3d05680c0220
  Timepiece: d07900e985af4911f09146f1175fdbec37944836

PODFILE CHECKSUM: c82a5d0dc64cbe838c8f58492bec2af9face7da6

COCOAPODS: 1.2.1
